{
    "version": 3,
    "terraform_version": "0.11.10",
    "serial": 6,
    "lineage": "c2c3cc20-7954-be61-b313-64324b953801",
    "modules": [
        {
            "path": [
                "root"
            ],
            "outputs": {},
            "resources": {
                "azurerm_network_interface.nic": {
                    "type": "azurerm_network_interface",
                    "depends_on": [
                        "azurerm_network_security_group.nsg",
                        "azurerm_public_ip.publicip",
                        "azurerm_resource_group.rg",
                        "azurerm_subnet.subnet"
                    ],
                    "primary": {
                        "id": "/subscriptions/24ed72ba-11d4-4439-bee7-691f8aeae673/resourceGroups/fouthrg/providers/Microsoft.Network/networkInterfaces/my_nic",
                        "attributes": {
                            "applied_dns_servers.#": "0",
                            "dns_servers.#": "0",
                            "enable_accelerated_networking": "false",
                            "enable_ip_forwarding": "false",
                            "id": "/subscriptions/24ed72ba-11d4-4439-bee7-691f8aeae673/resourceGroups/fouthrg/providers/Microsoft.Network/networkInterfaces/my_nic",
                            "internal_dns_name_label": "",
                            "internal_fqdn": "",
                            "ip_configuration.#": "1",
                            "ip_configuration.0.application_gateway_backend_address_pools_ids.#": "0",
                            "ip_configuration.0.application_security_group_ids.#": "0",
                            "ip_configuration.0.load_balancer_backend_address_pools_ids.#": "0",
                            "ip_configuration.0.load_balancer_inbound_nat_rules_ids.#": "0",
                            "ip_configuration.0.name": "my_nic_configuration",
                            "ip_configuration.0.primary": "true",
                            "ip_configuration.0.private_ip_address": "",
                            "ip_configuration.0.private_ip_address_allocation": "dynamic",
                            "ip_configuration.0.public_ip_address_id": "/subscriptions/24ed72ba-11d4-4439-bee7-691f8aeae673/resourceGroups/fouthrg/providers/Microsoft.Network/publicIPAddresses/my_publicip",
                            "ip_configuration.0.subnet_id": "/subscriptions/24ed72ba-11d4-4439-bee7-691f8aeae673/resourceGroups/fouthrg/providers/Microsoft.Network/virtualNetworks/my_vnet/subnets/my_subnet",
                            "location": "canadacentral",
                            "mac_address": "",
                            "name": "my_nic",
                            "network_security_group_id": "/subscriptions/24ed72ba-11d4-4439-bee7-691f8aeae673/resourceGroups/fouthrg/providers/Microsoft.Network/networkSecurityGroups/my_nsg",
                            "private_ip_address": "10.0.2.4",
                            "private_ip_addresses.#": "1",
                            "private_ip_addresses.0": "10.0.2.4",
                            "resource_group_name": "fouthrg",
                            "tags.%": "0"
                        },
                        "meta": {},
                        "tainted": false
                    },
                    "deposed": [],
                    "provider": "provider.azurerm"
                },
                "azurerm_network_security_group.nsg": {
                    "type": "azurerm_network_security_group",
                    "depends_on": [
                        "azurerm_resource_group.rg"
                    ],
                    "primary": {
                        "id": "/subscriptions/24ed72ba-11d4-4439-bee7-691f8aeae673/resourceGroups/fouthrg/providers/Microsoft.Network/networkSecurityGroups/my_nsg",
                        "attributes": {
                            "id": "/subscriptions/24ed72ba-11d4-4439-bee7-691f8aeae673/resourceGroups/fouthrg/providers/Microsoft.Network/networkSecurityGroups/my_nsg",
                            "location": "canadacentral",
                            "name": "my_nsg",
                            "resource_group_name": "fouthrg",
                            "security_rule.#": "1",
                            "security_rule.2090309246.access": "Allow",
                            "security_rule.2090309246.description": "",
                            "security_rule.2090309246.destination_address_prefix": "*",
                            "security_rule.2090309246.destination_address_prefixes.#": "0",
                            "security_rule.2090309246.destination_application_security_group_ids.#": "0",
                            "security_rule.2090309246.destination_port_range": "22",
                            "security_rule.2090309246.destination_port_ranges.#": "0",
                            "security_rule.2090309246.direction": "Inbound",
                            "security_rule.2090309246.name": "SSH",
                            "security_rule.2090309246.priority": "1001",
                            "security_rule.2090309246.protocol": "Tcp",
                            "security_rule.2090309246.source_address_prefix": "*",
                            "security_rule.2090309246.source_address_prefixes.#": "0",
                            "security_rule.2090309246.source_application_security_group_ids.#": "0",
                            "security_rule.2090309246.source_port_range": "*",
                            "security_rule.2090309246.source_port_ranges.#": "0",
                            "tags.%": "0"
                        },
                        "meta": {},
                        "tainted": false
                    },
                    "deposed": [],
                    "provider": "provider.azurerm"
                },
                "azurerm_public_ip.publicip": {
                    "type": "azurerm_public_ip",
                    "depends_on": [
                        "azurerm_resource_group.rg"
                    ],
                    "primary": {
                        "id": "/subscriptions/24ed72ba-11d4-4439-bee7-691f8aeae673/resourceGroups/fouthrg/providers/Microsoft.Network/publicIPAddresses/my_publicip",
                        "attributes": {
                            "id": "/subscriptions/24ed72ba-11d4-4439-bee7-691f8aeae673/resourceGroups/fouthrg/providers/Microsoft.Network/publicIPAddresses/my_publicip",
                            "idle_timeout_in_minutes": "4",
                            "ip_address": "",
                            "ip_version": "IPv4",
                            "location": "canadacentral",
                            "name": "my_publicip",
                            "public_ip_address_allocation": "Dynamic",
                            "resource_group_name": "fouthrg",
                            "sku": "Basic",
                            "tags.%": "0",
                            "zones.#": "0"
                        },
                        "meta": {},
                        "tainted": false
                    },
                    "deposed": [],
                    "provider": "provider.azurerm"
                },
                "azurerm_resource_group.rg": {
                    "type": "azurerm_resource_group",
                    "depends_on": [],
                    "primary": {
                        "id": "/subscriptions/24ed72ba-11d4-4439-bee7-691f8aeae673/resourceGroups/fouthrg",
                        "attributes": {
                            "id": "/subscriptions/24ed72ba-11d4-4439-bee7-691f8aeae673/resourceGroups/fouthrg",
                            "location": "canadacentral",
                            "name": "fouthrg",
                            "tags.%": "0"
                        },
                        "meta": {},
                        "tainted": false
                    },
                    "deposed": [],
                    "provider": "provider.azurerm"
                },
                "azurerm_subnet.subnet": {
                    "type": "azurerm_subnet",
                    "depends_on": [
                        "azurerm_resource_group.rg",
                        "azurerm_virtual_network.vnet"
                    ],
                    "primary": {
                        "id": "/subscriptions/24ed72ba-11d4-4439-bee7-691f8aeae673/resourceGroups/fouthrg/providers/Microsoft.Network/virtualNetworks/my_vnet/subnets/my_subnet",
                        "attributes": {
                            "address_prefix": "10.0.2.0/24",
                            "id": "/subscriptions/24ed72ba-11d4-4439-bee7-691f8aeae673/resourceGroups/fouthrg/providers/Microsoft.Network/virtualNetworks/my_vnet/subnets/my_subnet",
                            "ip_configurations.#": "0",
                            "name": "my_subnet",
                            "resource_group_name": "fouthrg",
                            "route_table_id": "",
                            "service_endpoints.#": "0",
                            "virtual_network_name": "my_vnet"
                        },
                        "meta": {},
                        "tainted": false
                    },
                    "deposed": [],
                    "provider": "provider.azurerm"
                },
                "azurerm_virtual_machine.vm": {
                    "type": "azurerm_virtual_machine",
                    "depends_on": [
                        "azurerm_network_interface.nic",
                        "azurerm_resource_group.rg"
                    ],
                    "primary": {
                        "id": "/subscriptions/24ed72ba-11d4-4439-bee7-691f8aeae673/resourceGroups/fouthrg/providers/Microsoft.Compute/virtualMachines/fourthvm",
                        "attributes": {
                            "delete_data_disks_on_termination": "false",
                            "delete_os_disk_on_termination": "false",
                            "id": "/subscriptions/24ed72ba-11d4-4439-bee7-691f8aeae673/resourceGroups/fouthrg/providers/Microsoft.Compute/virtualMachines/fourthvm",
                            "identity.#": "0",
                            "location": "canadacentral",
                            "name": "fourthvm",
                            "network_interface_ids.#": "1",
                            "network_interface_ids.0": "/subscriptions/24ed72ba-11d4-4439-bee7-691f8aeae673/resourceGroups/fouthrg/providers/Microsoft.Network/networkInterfaces/my_nic",
                            "os_profile.#": "1",
                            "os_profile.2196386609.admin_password": "",
                            "os_profile.2196386609.admin_username": "ghaider",
                            "os_profile.2196386609.computer_name": "fourthvm",
                            "os_profile.2196386609.custom_data": "",
                            "os_profile_linux_config.#": "1",
                            "os_profile_linux_config.69840937.disable_password_authentication": "true",
                            "os_profile_linux_config.69840937.ssh_keys.#": "1",
                            "os_profile_linux_config.69840937.ssh_keys.0.key_data": "ssh-rsa AAAAB3NzaC1yc2EAAAADAQABAAABAQC24zq/X3eCN7W8XVNtd5WSMnemVEPBbqsgp2+c8zLN+/OmHw2ROboMtlmccDQEZs1zcgog2MLyRgOMyOGigGU1ZmhKdF22MxNJ5wZKdqxnZFAp0qmLJmbsyKhadvmzmB7pyaahY+1jQH3NamShT5uvqUXzSDvpDodESAKOyPZeuEoxqUg2//KpOu58eqO9aPq2M3BeApHUZ7Ih06DPgL+pbDdprEukJfdFMxXK5QFTaBBels/0JaFQfXgBYZbzzLhnyqRkhJJq5jLTSkontAEJZO7ctgJeoMQ8/qaQ9MfaV4LoWZkFUO30yqJ4UIf5/CFOQNzQMNmPfQ96FhaOshzz ghazan_haider@manulife.com",
                            "os_profile_linux_config.69840937.ssh_keys.0.path": "/home/ghaider/.ssh/authorized_keys",
                            "os_profile_secrets.#": "0",
                            "resource_group_name": "fouthrg",
                            "storage_data_disk.#": "0",
                            "storage_image_reference.#": "1",
                            "storage_image_reference.1211973898.id": "",
                            "storage_image_reference.1211973898.offer": "UbuntuServer",
                            "storage_image_reference.1211973898.publisher": "Canonical",
                            "storage_image_reference.1211973898.sku": "18.04-LTS",
                            "storage_image_reference.1211973898.version": "latest",
                            "storage_os_disk.#": "1",
                            "storage_os_disk.0.caching": "ReadWrite",
                            "storage_os_disk.0.create_option": "FromImage",
                            "storage_os_disk.0.disk_size_gb": "30",
                            "storage_os_disk.0.image_uri": "",
                            "storage_os_disk.0.managed_disk_id": "/subscriptions/24ed72ba-11d4-4439-bee7-691f8aeae673/resourceGroups/fouthrg/providers/Microsoft.Compute/disks/my_osdisk",
                            "storage_os_disk.0.managed_disk_type": "Standard_LRS",
                            "storage_os_disk.0.name": "my_osdisk",
                            "storage_os_disk.0.os_type": "Linux",
                            "storage_os_disk.0.vhd_uri": "",
                            "storage_os_disk.0.write_accelerator_enabled": "false",
                            "tags.%": "0",
                            "vm_size": "Standard_B1s",
                            "zones.#": "0"
                        },
                        "meta": {},
                        "tainted": false
                    },
                    "deposed": [],
                    "provider": "provider.azurerm"
                },
                "azurerm_virtual_network.vnet": {
                    "type": "azurerm_virtual_network",
                    "depends_on": [
                        "azurerm_resource_group.rg"
                    ],
                    "primary": {
                        "id": "/subscriptions/24ed72ba-11d4-4439-bee7-691f8aeae673/resourceGroups/fouthrg/providers/Microsoft.Network/virtualNetworks/my_vnet",
                        "attributes": {
                            "address_space.#": "1",
                            "address_space.0": "10.0.0.0/16",
                            "dns_servers.#": "0",
                            "id": "/subscriptions/24ed72ba-11d4-4439-bee7-691f8aeae673/resourceGroups/fouthrg/providers/Microsoft.Network/virtualNetworks/my_vnet",
                            "location": "canadacentral",
                            "name": "my_vnet",
                            "resource_group_name": "fouthrg",
                            "subnet.#": "0",
                            "tags.%": "0"
                        },
                        "meta": {},
                        "tainted": false
                    },
                    "deposed": [],
                    "provider": "provider.azurerm"
                }
            },
            "depends_on": []
        }
    ]
}
